
Microsoft Visual Studio Solution File, Format Version 12.00
# Visual Studio Version 17
VisualStudioVersion = 17.3.32922.545
MinimumVisualStudioVersion = 10.0.40219.1
Project("{FAE04EC0-301F-11D3-BF4B-00C04F79EFBC}") = "Taiwu_CricketHacker", "Taiwu_CricketHacker\Taiwu_CricketHacker.csproj", "{24BD549D-5B10-4DC1-8CE6-B68F2CE9C7FA}"
EndProject
Project("{2150E333-8FDC-42A3-9474-1A3956D46DE8}") = "Config", "Config", "{983761E3-42F2-43AF-808A-FF2941B805AD}"
	ProjectSection(SolutionItems) = preProject
		Config.lua = Config.lua
		Cover.png = Cover.png
	EndProjectSection
EndProject
Global
	GlobalSection(SolutionConfigurationPlatforms) = preSolution
		Debug|Any CPU = Debug|Any CPU
		Release|Any CPU = Release|Any CPU
	EndGlobalSection
	GlobalSection(ProjectConfigurationPlatforms) = postSolution
		{24BD549D-5B10-4DC1-8CE6-B68F2CE9C7FA}.Debug|Any CPU.ActiveCfg = Debug|Any CPU
		{24BD549D-5B10-4DC1-8CE6-B68F2CE9C7FA}.Debug|Any CPU.Build.0 = Debug|Any CPU
		{24BD549D-5B10-4DC1-8CE6-B68F2CE9C7FA}.Release|Any CPU.ActiveCfg = Release|Any CPU
		{24BD549D-5B10-4DC1-8CE6-B68F2CE9C7FA}.Release|Any CPU.Build.0 = Release|Any CPU
	EndGlobalSection
	GlobalSection(SolutionProperties) = preSolution
		HideSolutionNode = FALSE
	EndGlobalSection
	GlobalSection(ExtensibilityGlobals) = postSolution
		SolutionGuid = {2E584C44-3F29-4E2D-9C50-74780008C5F6}
	EndGlobalSection
EndGlobal
